// !$*UTF8*$!
{
	archiveVersion = 1;
	classes = {
	};
	objectVersion = 56;
	objects = {

/* Begin PBXBuildFile section */
		780855A02A13B74800A6A60E /* Constants.swift in Sources */ = {isa = PBXBuildFile; fileRef = 7808559F2A13B74800A6A60E /* Constants.swift */; };
		780855A52A13B84400A6A60E /* SearchTableViewCell.swift in Sources */ = {isa = PBXBuildFile; fileRef = 780855A32A13B84400A6A60E /* SearchTableViewCell.swift */; };
		780855AB2A13E08100A6A60E /* AddLeftImageToTxtField.swift in Sources */ = {isa = PBXBuildFile; fileRef = 780855AA2A13E08100A6A60E /* AddLeftImageToTxtField.swift */; };
		78966E772A0FC305001B121E /* AppDelegate.swift in Sources */ = {isa = PBXBuildFile; fileRef = 78966E762A0FC305001B121E /* AppDelegate.swift */; };
		78966E792A0FC305001B121E /* SceneDelegate.swift in Sources */ = {isa = PBXBuildFile; fileRef = 78966E782A0FC305001B121E /* SceneDelegate.swift */; };
		78966E7B2A0FC305001B121E /* ViewController.swift in Sources */ = {isa = PBXBuildFile; fileRef = 78966E7A2A0FC305001B121E /* ViewController.swift */; };
		78966E7E2A0FC305001B121E /* Main.storyboard in Resources */ = {isa = PBXBuildFile; fileRef = 78966E7C2A0FC305001B121E /* Main.storyboard */; };
		78966E802A0FC307001B121E /* Assets.xcassets in Resources */ = {isa = PBXBuildFile; fileRef = 78966E7F2A0FC307001B121E /* Assets.xcassets */; };
		78966E832A0FC307001B121E /* LaunchScreen.storyboard in Resources */ = {isa = PBXBuildFile; fileRef = 78966E812A0FC307001B121E /* LaunchScreen.storyboard */; };
		78966E8C2A103A8D001B121E /* Movie.swift in Sources */ = {isa = PBXBuildFile; fileRef = 78966E8B2A103A8D001B121E /* Movie.swift */; };
		78ECFFCE2A2B909900B0CF80 /* GenreMoviesCell.swift in Sources */ = {isa = PBXBuildFile; fileRef = 78ECFFCC2A2B909900B0CF80 /* GenreMoviesCell.swift */; };
		78ECFFCF2A2B909900B0CF80 /* GenreMoviesCell.xib in Resources */ = {isa = PBXBuildFile; fileRef = 78ECFFCD2A2B909900B0CF80 /* GenreMoviesCell.xib */; };
		78ECFFD22A2B918300B0CF80 /* Cell-ID.swift in Sources */ = {isa = PBXBuildFile; fileRef = 78ECFFD12A2B918300B0CF80 /* Cell-ID.swift */; };
		78ECFFD82A2B933900B0CF80 /* MoviesViewController.swift in Sources */ = {isa = PBXBuildFile; fileRef = 78ECFFD72A2B933900B0CF80 /* MoviesViewController.swift */; };
		78ECFFDD2A2CAF3800B0CF80 /* GenreMovies.swift in Sources */ = {isa = PBXBuildFile; fileRef = 78ECFFDC2A2CAF3800B0CF80 /* GenreMovies.swift */; };
		78ECFFDF2A2FD0C800B0CF80 /* NibLoading.swift in Sources */ = {isa = PBXBuildFile; fileRef = 78ECFFDE2A2FD0C800B0CF80 /* NibLoading.swift */; };
		78ECFFE22A2FD14F00B0CF80 /* MoviesTableViewCell.swift in Sources */ = {isa = PBXBuildFile; fileRef = 78ECFFE12A2FD14F00B0CF80 /* MoviesTableViewCell.swift */; };
/* End PBXBuildFile section */

/* Begin PBXFileReference section */
		7808559F2A13B74800A6A60E /* Constants.swift */ = {isa = PBXFileReference; lastKnownFileType = sourcecode.swift; path = Constants.swift; sourceTree = "<group>"; };
		780855A32A13B84400A6A60E /* SearchTableViewCell.swift */ = {isa = PBXFileReference; lastKnownFileType = sourcecode.swift; path = SearchTableViewCell.swift; sourceTree = "<group>"; };
		780855AA2A13E08100A6A60E /* AddLeftImageToTxtField.swift */ = {isa = PBXFileReference; lastKnownFileType = sourcecode.swift; path = AddLeftImageToTxtField.swift; sourceTree = "<group>"; };
		78966E732A0FC305001B121E /* CineXplorer.app */ = {isa = PBXFileReference; explicitFileType = wrapper.application; includeInIndex = 0; path = CineXplorer.app; sourceTree = BUILT_PRODUCTS_DIR; };
		78966E762A0FC305001B121E /* AppDelegate.swift */ = {isa = PBXFileReference; lastKnownFileType = sourcecode.swift; path = AppDelegate.swift; sourceTree = "<group>"; };
		78966E782A0FC305001B121E /* SceneDelegate.swift */ = {isa = PBXFileReference; lastKnownFileType = sourcecode.swift; path = SceneDelegate.swift; sourceTree = "<group>"; };
		78966E7A2A0FC305001B121E /* ViewController.swift */ = {isa = PBXFileReference; lastKnownFileType = sourcecode.swift; path = ViewController.swift; sourceTree = "<group>"; };
		78966E7D2A0FC305001B121E /* Base */ = {isa = PBXFileReference; lastKnownFileType = file.storyboard; name = Base; path = Base.lproj/Main.storyboard; sourceTree = "<group>"; };
		78966E7F2A0FC307001B121E /* Assets.xcassets */ = {isa = PBXFileReference; lastKnownFileType = folder.assetcatalog; path = Assets.xcassets; sourceTree = "<group>"; };
		78966E822A0FC307001B121E /* Base */ = {isa = PBXFileReference; lastKnownFileType = file.storyboard; name = Base; path = Base.lproj/LaunchScreen.storyboard; sourceTree = "<group>"; };
		78966E842A0FC307001B121E /* Info.plist */ = {isa = PBXFileReference; lastKnownFileType = text.plist.xml; path = Info.plist; sourceTree = "<group>"; };
		78966E8B2A103A8D001B121E /* Movie.swift */ = {isa = PBXFileReference; lastKnownFileType = sourcecode.swift; path = Movie.swift; sourceTree = "<group>"; };
		78ECFFCC2A2B909900B0CF80 /* GenreMoviesCell.swift */ = {isa = PBXFileReference; lastKnownFileType = sourcecode.swift; path = GenreMoviesCell.swift; sourceTree = "<group>"; };
		78ECFFCD2A2B909900B0CF80 /* GenreMoviesCell.xib */ = {isa = PBXFileReference; lastKnownFileType = file.xib; path = GenreMoviesCell.xib; sourceTree = "<group>"; };
		78ECFFD12A2B918300B0CF80 /* Cell-ID.swift */ = {isa = PBXFileReference; lastKnownFileType = sourcecode.swift; path = "Cell-ID.swift"; sourceTree = "<group>"; };
		78ECFFD72A2B933900B0CF80 /* MoviesViewController.swift */ = {isa = PBXFileReference; lastKnownFileType = sourcecode.swift; path = MoviesViewController.swift; sourceTree = "<group>"; };
		78ECFFDC2A2CAF3800B0CF80 /* GenreMovies.swift */ = {isa = PBXFileReference; lastKnownFileType = sourcecode.swift; path = GenreMovies.swift; sourceTree = "<group>"; };
		78ECFFDE2A2FD0C800B0CF80 /* NibLoading.swift */ = {isa = PBXFileReference; lastKnownFileType = sourcecode.swift; path = NibLoading.swift; sourceTree = "<group>"; };
		78ECFFE12A2FD14F00B0CF80 /* MoviesTableViewCell.swift */ = {isa = PBXFileReference; lastKnownFileType = sourcecode.swift; path = MoviesTableViewCell.swift; sourceTree = "<group>"; };
/* End PBXFileReference section */

/* Begin PBXFrameworksBuildPhase section */
		78966E702A0FC305001B121E /* Frameworks */ = {
			isa = PBXFrameworksBuildPhase;
			buildActionMask = 2147483647;
			files = (
			);
			runOnlyForDeploymentPostprocessing = 0;
		};
/* End PBXFrameworksBuildPhase section */

/* Begin PBXGroup section */
		7808559B2A12F63900A6A60E /* Views */ = {
			isa = PBXGroup;
			children = (
				78ECFFCB2A2B901500B0CF80 /* Cells */,
				78966E7C2A0FC305001B121E /* Main.storyboard */,
				78966E812A0FC307001B121E /* LaunchScreen.storyboard */,
				780855AA2A13E08100A6A60E /* AddLeftImageToTxtField.swift */,
			);
			path = Views;
			sourceTree = "<group>";
		};
		7808559C2A12F67600A6A60E /* Supporting files */ = {
			isa = PBXGroup;
			children = (
				7808559F2A13B74800A6A60E /* Constants.swift */,
				78966E762A0FC305001B121E /* AppDelegate.swift */,
				78966E782A0FC305001B121E /* SceneDelegate.swift */,
				78966E7F2A0FC307001B121E /* Assets.xcassets */,
				78966E842A0FC307001B121E /* Info.plist */,
			);
			path = "Supporting files";
			sourceTree = "<group>";
		};
		78966E6A2A0FC305001B121E = {
			isa = PBXGroup;
			children = (
				78966E752A0FC305001B121E /* CineXplorer */,
				78966E742A0FC305001B121E /* Products */,
			);
			sourceTree = "<group>";
		};
		78966E742A0FC305001B121E /* Products */ = {
			isa = PBXGroup;
			children = (
				78966E732A0FC305001B121E /* CineXplorer.app */,
			);
			name = Products;
			sourceTree = "<group>";
		};
		78966E752A0FC305001B121E /* CineXplorer */ = {
			isa = PBXGroup;
			children = (
				78ECFFD02A2B90ED00B0CF80 /* Extensions */,
				7808559B2A12F63900A6A60E /* Views */,
				78966E8D2A103A98001B121E /* Models */,
				78966E8A2A103A72001B121E /* View Controllers */,
				7808559C2A12F67600A6A60E /* Supporting files */,
			);
			path = CineXplorer;
			sourceTree = "<group>";
		};
		78966E8A2A103A72001B121E /* View Controllers */ = {
			isa = PBXGroup;
			children = (
				78966E7A2A0FC305001B121E /* ViewController.swift */,
				78ECFFD72A2B933900B0CF80 /* MoviesViewController.swift */,
			);
			path = "View Controllers";
			sourceTree = "<group>";
		};
		78966E8D2A103A98001B121E /* Models */ = {
			isa = PBXGroup;
			children = (
				78966E8B2A103A8D001B121E /* Movie.swift */,
				78ECFFDC2A2CAF3800B0CF80 /* GenreMovies.swift */,
			);
			path = Models;
			sourceTree = "<group>";
		};
		78ECFFCB2A2B901500B0CF80 /* Cells */ = {
			isa = PBXGroup;
			children = (
				780855A32A13B84400A6A60E /* SearchTableViewCell.swift */,
				78ECFFCC2A2B909900B0CF80 /* GenreMoviesCell.swift */,
				78ECFFCD2A2B909900B0CF80 /* GenreMoviesCell.xib */,
				78ECFFE12A2FD14F00B0CF80 /* MoviesTableViewCell.swift */,
			);
			path = Cells;
			sourceTree = "<group>";
		};
		78ECFFD02A2B90ED00B0CF80 /* Extensions */ = {
			isa = PBXGroup;
			children = (
				78ECFFD12A2B918300B0CF80 /* Cell-ID.swift */,
				78ECFFDE2A2FD0C800B0CF80 /* NibLoading.swift */,
			);
			path = Extensions;
			sourceTree = "<group>";
		};
/* End PBXGroup section */

/* Begin PBXNativeTarget section */
		78966E722A0FC305001B121E /* CineXplorer */ = {
			isa = PBXNativeTarget;
			buildConfigurationList = 78966E872A0FC307001B121E /* Build configuration list for PBXNativeTarget "CineXplorer" */;
			buildPhases = (
				78966E6F2A0FC305001B121E /* Sources */,
				78966E702A0FC305001B121E /* Frameworks */,
				78966E712A0FC305001B121E /* Resources */,
			);
			buildRules = (
			);
			dependencies = (
			);
			name = CineXplorer;
			productName = CineXplorer;
			productReference = 78966E732A0FC305001B121E /* CineXplorer.app */;
			productType = "com.apple.product-type.application";
		};
/* End PBXNativeTarget section */

/* Begin PBXProject section */
		78966E6B2A0FC305001B121E /* Project object */ = {
			isa = PBXProject;
			attributes = {
				BuildIndependentTargetsInParallel = 1;
				LastSwiftUpdateCheck = 1420;
				LastUpgradeCheck = 1420;
				TargetAttributes = {
					78966E722A0FC305001B121E = {
						CreatedOnToolsVersion = 14.2;
					};
				};
			};
			buildConfigurationList = 78966E6E2A0FC305001B121E /* Build configuration list for PBXProject "CineXplorer" */;
			compatibilityVersion = "Xcode 14.0";
			developmentRegion = en;
			hasScannedForEncodings = 0;
			knownRegions = (
				en,
				Base,
			);
			mainGroup = 78966E6A2A0FC305001B121E;
			productRefGroup = 78966E742A0FC305001B121E /* Products */;
			projectDirPath = "";
			projectRoot = "";
			targets = (
				78966E722A0FC305001B121E /* CineXplorer */,
			);
		};
/* End PBXProject section */

/* Begin PBXResourcesBuildPhase section */
		78966E712A0FC305001B121E /* Resources */ = {
			isa = PBXResourcesBuildPhase;
			buildActionMask = 2147483647;
			files = (
				78ECFFCF2A2B909900B0CF80 /* GenreMoviesCell.xib in Resources */,
				78966E832A0FC307001B121E /* LaunchScreen.storyboard in Resources */,
				78966E802A0FC307001B121E /* Assets.xcassets in Resources */,
				78966E7E2A0FC305001B121E /* Main.storyboard in Resources */,
			);
			runOnlyForDeploymentPostprocessing = 0;
		};
/* End PBXResourcesBuildPhase section */

/* Begin PBXSourcesBuildPhase section */
		78966E6F2A0FC305001B121E /* Sources */ = {
			isa = PBXSourcesBuildPhase;
			buildActionMask = 2147483647;
			files = (
				78ECFFD82A2B933900B0CF80 /* MoviesViewController.swift in Sources */,
				780855A02A13B74800A6A60E /* Constants.swift in Sources */,
				78966E8C2A103A8D001B121E /* Movie.swift in Sources */,
				78966E7B2A0FC305001B121E /* ViewController.swift in Sources */,
				780855A52A13B84400A6A60E /* SearchTableViewCell.swift in Sources */,
				78ECFFCE2A2B909900B0CF80 /* GenreMoviesCell.swift in Sources */,
				780855AB2A13E08100A6A60E /* AddLeftImageToTxtField.swift in Sources */,
				78ECFFDD2A2CAF3800B0CF80 /* GenreMovies.swift in Sources */,
				78ECFFDF2A2FD0C800B0CF80 /* NibLoading.swift in Sources */,
				78966E772A0FC305001B121E /* AppDelegate.swift in Sources */,
				78ECFFE22A2FD14F00B0CF80 /* MoviesTableViewCell.swift in Sources */,
				78966E792A0FC305001B121E /* SceneDelegate.swift in Sources */,
				78ECFFD22A2B918300B0CF80 /* Cell-ID.swift in Sources */,
			);
			runOnlyForDeploymentPostprocessing = 0;
		};
/* End PBXSourcesBuildPhase section */

/* Begin PBXVariantGroup section */
		78966E7C2A0FC305001B121E /* Main.storyboard */ = {
			isa = PBXVariantGroup;
			children = (
				78966E7D2A0FC305001B121E /* Base */,
			);
			name = Main.storyboard;
			sourceTree = "<group>";
		};
		78966E812A0FC307001B121E /* LaunchScreen.storyboard */ = {
			isa = PBXVariantGroup;
			children = (
				78966E822A0FC307001B121E /* Base */,
			);
			name = LaunchScreen.storyboard;
			sourceTree = "<group>";
		};
/* End PBXVariantGroup section */

/* Begin XCBuildConfiguration section */
		78966E852A0FC307001B121E /* Debug */ = {
			isa = XCBuildConfiguration;
			buildSettings = {
				ALWAYS_SEARCH_USER_PATHS = NO;
				CLANG_ANALYZER_NONNULL = YES;
				CLANG_ANALYZER_NUMBER_OBJECT_CONVERSION = YES_AGGRESSIVE;
				CLANG_CXX_LANGUAGE_STANDARD = "gnu++20";
				CLANG_ENABLE_MODULES = YES;
				CLANG_ENABLE_OBJC_ARC = YES;
				CLANG_ENABLE_OBJC_WEAK = YES;
				CLANG_WARN_BLOCK_CAPTURE_AUTORELEASING = YES;
				CLANG_WARN_BOOL_CONVERSION = YES;
				CLANG_WARN_COMMA = YES;
				CLANG_WARN_CONSTANT_CONVERSION = YES;
				CLANG_WARN_DEPRECATED_OBJC_IMPLEMENTATIONS = YES;
				CLANG_WARN_DIRECT_OBJC_ISA_USAGE = YES_ERROR;
				CLANG_WARN_DOCUMENTATION_COMMENTS = YES;
				CLANG_WARN_EMPTY_BODY = YES;
				CLANG_WARN_ENUM_CONVERSION = YES;
				CLANG_WARN_INFINITE_RECURSION = YES;
				CLANG_WARN_INT_CONVERSION = YES;
				CLANG_WARN_NON_LITERAL_NULL_CONVERSION = YES;
				CLANG_WARN_OBJC_IMPLICIT_RETAIN_SELF = YES;
				CLANG_WARN_OBJC_LITERAL_CONVERSION = YES;
				CLANG_WARN_OBJC_ROOT_CLASS = YES_ERROR;
				CLANG_WARN_QUOTED_INCLUDE_IN_FRAMEWORK_HEADER = YES;
				CLANG_WARN_RANGE_LOOP_ANALYSIS = YES;
				CLANG_WARN_STRICT_PROTOTYPES = YES;
				CLANG_WARN_SUSPICIOUS_MOVE = YES;
				CLANG_WARN_UNGUARDED_AVAILABILITY = YES_AGGRESSIVE;
				CLANG_WARN_UNREACHABLE_CODE = YES;
				CLANG_WARN__DUPLICATE_METHOD_MATCH = YES;
				COPY_PHASE_STRIP = NO;
				DEBUG_INFORMATION_FORMAT = dwarf;
				ENABLE_STRICT_OBJC_MSGSEND = YES;
				ENABLE_TESTABILITY = YES;
				GCC_C_LANGUAGE_STANDARD = gnu11;
				GCC_DYNAMIC_NO_PIC = NO;
				GCC_NO_COMMON_BLOCKS = YES;
				GCC_OPTIMIZATION_LEVEL = 0;
				GCC_PREPROCESSOR_DEFINITIONS = (
					"DEBUG=1",
					"$(inherited)",
				);
				GCC_WARN_64_TO_32_BIT_CONVERSION = YES;
				GCC_WARN_ABOUT_RETURN_TYPE = YES_ERROR;
				GCC_WARN_UNDECLARED_SELECTOR = YES;
				GCC_WARN_UNINITIALIZED_AUTOS = YES_AGGRESSIVE;
				GCC_WARN_UNUSED_FUNCTION = YES;
				GCC_WARN_UNUSED_VARIABLE = YES;
				IPHONEOS_DEPLOYMENT_TARGET = 16.2;
				MTL_ENABLE_DEBUG_INFO = INCLUDE_SOURCE;
				MTL_FAST_MATH = YES;
				ONLY_ACTIVE_ARCH = YES;
				SDKROOT = iphoneos;
				SWIFT_ACTIVE_COMPILATION_CONDITIONS = DEBUG;
				SWIFT_OPTIMIZATION_LEVEL = "-Onone";
			};
			name = Debug;
		};
		78966E862A0FC307001B121E /* Release */ = {
			isa = XCBuildConfiguration;
			buildSettings = {
				ALWAYS_SEARCH_USER_PATHS = NO;
				CLANG_ANALYZER_NONNULL = YES;
				CLANG_ANALYZER_NUMBER_OBJECT_CONVERSION = YES_AGGRESSIVE;
				CLANG_CXX_LANGUAGE_STANDARD = "gnu++20";
				CLANG_ENABLE_MODULES = YES;
				CLANG_ENABLE_OBJC_ARC = YES;
				CLANG_ENABLE_OBJC_WEAK = YES;
				CLANG_WARN_BLOCK_CAPTURE_AUTORELEASING = YES;
				CLANG_WARN_BOOL_CONVERSION = YES;
				CLANG_WARN_COMMA = YES;
				CLANG_WARN_CONSTANT_CONVERSION = YES;
				CLANG_WARN_DEPRECATED_OBJC_IMPLEMENTATIONS = YES;
				CLANG_WARN_DIRECT_OBJC_ISA_USAGE = YES_ERROR;
				CLANG_WARN_DOCUMENTATION_COMMENTS = YES;
				CLANG_WARN_EMPTY_BODY = YES;
				CLANG_WARN_ENUM_CONVERSION = YES;
				CLANG_WARN_INFINITE_RECURSION = YES;
				CLANG_WARN_INT_CONVERSION = YES;
				CLANG_WARN_NON_LITERAL_NULL_CONVERSION = YES;
				CLANG_WARN_OBJC_IMPLICIT_RETAIN_SELF = YES;
				CLANG_WARN_OBJC_LITERAL_CONVERSION = YES;
				CLANG_WARN_OBJC_ROOT_CLASS = YES_ERROR;
				CLANG_WARN_QUOTED_INCLUDE_IN_FRAMEWORK_HEADER = YES;
				CLANG_WARN_RANGE_LOOP_ANALYSIS = YES;
				CLANG_WARN_STRICT_PROTOTYPES = YES;
				CLANG_WARN_SUSPICIOUS_MOVE = YES;
				CLANG_WARN_UNGUARDED_AVAILABILITY = YES_AGGRESSIVE;
				CLANG_WARN_UNREACHABLE_CODE = YES;
				CLANG_WARN__DUPLICATE_METHOD_MATCH = YES;
				COPY_PHASE_STRIP = NO;
				DEBUG_INFORMATION_FORMAT = "dwarf-with-dsym";
				ENABLE_NS_ASSERTIONS = NO;
				ENABLE_STRICT_OBJC_MSGSEND = YES;
				GCC_C_LANGUAGE_STANDARD = gnu11;
				GCC_NO_COMMON_BLOCKS = YES;
				GCC_WARN_64_TO_32_BIT_CONVERSION = YES;
				GCC_WARN_ABOUT_RETURN_TYPE = YES_ERROR;
				GCC_WARN_UNDECLARED_SELECTOR = YES;
				GCC_WARN_UNINITIALIZED_AUTOS = YES_AGGRESSIVE;
				GCC_WARN_UNUSED_FUNCTION = YES;
				GCC_WARN_UNUSED_VARIABLE = YES;
				IPHONEOS_DEPLOYMENT_TARGET = 16.2;
				MTL_ENABLE_DEBUG_INFO = NO;
				MTL_FAST_MATH = YES;
				SDKROOT = iphoneos;
				SWIFT_COMPILATION_MODE = wholemodule;
				SWIFT_OPTIMIZATION_LEVEL = "-O";
				VALIDATE_PRODUCT = YES;
			};
			name = Release;
		};
		78966E882A0FC307001B121E /* Debug */ = {
			isa = XCBuildConfiguration;
			buildSettings = {
				ASSETCATALOG_COMPILER_APPICON_NAME = AppIcon;
				ASSETCATALOG_COMPILER_GLOBAL_ACCENT_COLOR_NAME = AccentColor;
				CODE_SIGN_STYLE = Automatic;
				CURRENT_PROJECT_VERSION = 1;
				DEVELOPMENT_TEAM = AQPM435HZ6;
				GENERATE_INFOPLIST_FILE = YES;
				INFOPLIST_FILE = "CineXplorer/Supporting files/Info.plist";
				INFOPLIST_KEY_UIApplicationSupportsIndirectInputEvents = YES;
				INFOPLIST_KEY_UILaunchStoryboardName = LaunchScreen;
				INFOPLIST_KEY_UIMainStoryboardFile = Main;
				INFOPLIST_KEY_UISupportedInterfaceOrientations_iPad = "UIInterfaceOrientationPortrait UIInterfaceOrientationPortraitUpsideDown UIInterfaceOrientationLandscapeLeft UIInterfaceOrientationLandscapeRight";
				INFOPLIST_KEY_UISupportedInterfaceOrientations_iPhone = "UIInterfaceOrientationPortrait UIInterfaceOrientationLandscapeLeft UIInterfaceOrientationLandscapeRight";
				LD_RUNPATH_SEARCH_PATHS = (
					"$(inherited)",
					"@executable_path/Frameworks",
				);
				MARKETING_VERSION = 1.0;
				PRODUCT_BUNDLE_IDENTIFIER = com.example.CineXplorer;
				PRODUCT_NAME = "$(TARGET_NAME)";
				SWIFT_EMIT_LOC_STRINGS = YES;
				SWIFT_VERSION = 5.0;
				TARGETED_DEVICE_FAMILY = "1,2";
			};
			name = Debug;
		};
		78966E892A0FC307001B121E /* Release */ = {
			isa = XCBuildConfiguration;
			buildSettings = {
				ASSETCATALOG_COMPILER_APPICON_NAME = AppIcon;
				ASSETCATALOG_COMPILER_GLOBAL_ACCENT_COLOR_NAME = AccentColor;
				CODE_SIGN_STYLE = Automatic;
				CURRENT_PROJECT_VERSION = 1;
				DEVELOPMENT_TEAM = AQPM435HZ6;
				GENERATE_INFOPLIST_FILE = YES;
				INFOPLIST_FILE = "CineXplorer/Supporting files/Info.plist";
				INFOPLIST_KEY_UIApplicationSupportsIndirectInputEvents = YES;
				INFOPLIST_KEY_UILaunchStoryboardName = LaunchScreen;
				INFOPLIST_KEY_UIMainStoryboardFile = Main;
				INFOPLIST_KEY_UISupportedInterfaceOrientations_iPad = "UIInterfaceOrientationPortrait UIInterfaceOrientationPortraitUpsideDown UIInterfaceOrientationLandscapeLeft UIInterfaceOrientationLandscapeRight";
				INFOPLIST_KEY_UISupportedInterfaceOrientations_iPhone = "UIInterfaceOrientationPortrait UIInterfaceOrientationLandscapeLeft UIInterfaceOrientationLandscapeRight";
				LD_RUNPATH_SEARCH_PATHS = (
					"$(inherited)",
					"@executable_path/Frameworks",
				);
				MARKETING_VERSION = 1.0;
				PRODUCT_BUNDLE_IDENTIFIER = com.example.CineXplorer;
				PRODUCT_NAME = "$(TARGET_NAME)";
				SWIFT_EMIT_LOC_STRINGS = YES;
				SWIFT_VERSION = 5.0;
				TARGETED_DEVICE_FAMILY = "1,2";
			};
			name = Release;
		};
/* End XCBuildConfiguration section */

/* Begin XCConfigurationList section */
		78966E6E2A0FC305001B121E /* Build configuration list for PBXProject "CineXplorer" */ = {
			isa = XCConfigurationList;
			buildConfigurations = (
				78966E852A0FC307001B121E /* Debug */,
				78966E862A0FC307001B121E /* Release */,
			);
			defaultConfigurationIsVisible = 0;
			defaultConfigurationName = Release;
		};
		78966E872A0FC307001B121E /* Build configuration list for PBXNativeTarget "CineXplorer" */ = {
			isa = XCConfigurationList;
			buildConfigurations = (
				78966E882A0FC307001B121E /* Debug */,
				78966E892A0FC307001B121E /* Release */,
			);
			defaultConfigurationIsVisible = 0;
			defaultConfigurationName = Release;
		};
/* End XCConfigurationList section */
	};
	rootObject = 78966E6B2A0FC305001B121E /* Project object */;
}
